
Microsoft Visual Studio Solution File, Format Version 12.00
# Visual Studio Version 17
VisualStudioVersion = 17.14.36930.0 d17.14
MinimumVisualStudioVersion = 10.0.40219.1
Project("{888888A0-9F3D-457C-B088-3A5042F75D52}") = "Weather_app", "Weather_app.pyproj", "{AFF9B096-CCEB-48CB-A2DE-3D2F48E0F467}"
EndProject
Global
	GlobalSection(SolutionConfigurationPlatforms) = preSolution
		Debug|Any CPU = Debug|Any CPU
		Release|Any CPU = Release|Any CPU
	EndGlobalSection
	GlobalSection(ProjectConfigurationPlatforms) = postSolution
		{AFF9B096-CCEB-48CB-A2DE-3D2F48E0F467}.Debug|Any CPU.ActiveCfg = Debug|Any CPU
		{AFF9B096-CCEB-48CB-A2DE-3D2F48E0F467}.Release|Any CPU.ActiveCfg = Release|Any CPU
	EndGlobalSection
	GlobalSection(SolutionProperties) = preSolution
		HideSolutionNode = FALSE
	EndGlobalSection
	GlobalSection(ExtensibilityGlobals) = postSolution
		SolutionGuid = {8A58BE76-C614-4D3D-A19D-34DA5AF89637}
	EndGlobalSection
EndGlobal
